// !$*UTF8*$!
{
	archiveVersion = 1;
	classes = {
	};
	objectVersion = 46;
	objects = {

/* Begin PBXBuildFile section */
		501D21181B046E37008969C3 /* main.m in Sources */ = {isa = PBXBuildFile; fileRef = 501D21171B046E37008969C3 /* main.m */; };
		501D211B1B046E37008969C3 /* AppDelegate.m in Sources */ = {isa = PBXBuildFile; fileRef = 501D211A1B046E37008969C3 /* AppDelegate.m */; };
		501D211E1B046E37008969C3 /* ViewController.m in Sources */ = {isa = PBXBuildFile; fileRef = 501D211D1B046E37008969C3 /* ViewController.m */; };
		501D21211B046E37008969C3 /* Main.storyboard in Resources */ = {isa = PBXBuildFile; fileRef = 501D211F1B046E37008969C3 /* Main.storyboard */; };
		501D21231B046E37008969C3 /* Images.xcassets in Resources */ = {isa = PBXBuildFile; fileRef = 501D21221B046E37008969C3 /* Images.xcassets */; };
		501D21261B046E37008969C3 /* LaunchScreen.xib in Resources */ = {isa = PBXBuildFile; fileRef = 501D21241B046E37008969C3 /* LaunchScreen.xib */; };
		501D21321B046E38008969C3 /* __Tests.m in Sources */ = {isa = PBXBuildFile; fileRef = 501D21311B046E38008969C3 /* __Tests.m */; };
		501D213D1B047846008969C3 /* SearchList.m in Sources */ = {isa = PBXBuildFile; fileRef = 501D213C1B047846008969C3 /* SearchList.m */; };
/* End PBXBuildFile section */

/* Begin PBXContainerItemProxy section */
		501D212C1B046E38008969C3 /* PBXContainerItemProxy */ = {
			isa = PBXContainerItemProxy;
			containerPortal = 501D210A1B046E37008969C3 /* Project object */;
			proxyType = 1;
			remoteGlobalIDString = 501D21111B046E37008969C3;
			remoteInfo = "检索";
		};
/* End PBXContainerItemProxy section */

/* Begin PBXFileReference section */
		501D21121B046E37008969C3 /* 检索.app */ = {isa = PBXFileReference; explicitFileType = wrapper.application; includeInIndex = 0; path = "检索.app"; sourceTree = BUILT_PRODUCTS_DIR; };
		501D21161B046E37008969C3 /* Info.plist */ = {isa = PBXFileReference; lastKnownFileType = text.plist.xml; path = Info.plist; sourceTree = "<group>"; };
		501D21171B046E37008969C3 /* main.m */ = {isa = PBXFileReference; lastKnownFileType = sourcecode.c.objc; path = main.m; sourceTree = "<group>"; };
		501D21191B046E37008969C3 /* AppDelegate.h */ = {isa = PBXFileReference; lastKnownFileType = sourcecode.c.h; path = AppDelegate.h; sourceTree = "<group>"; };
		501D211A1B046E37008969C3 /* AppDelegate.m */ = {isa = PBXFileReference; lastKnownFileType = sourcecode.c.objc; path = AppDelegate.m; sourceTree = "<group>"; };
		501D211C1B046E37008969C3 /* ViewController.h */ = {isa = PBXFileReference; lastKnownFileType = sourcecode.c.h; path = ViewController.h; sourceTree = "<group>"; };
		501D211D1B046E37008969C3 /* ViewController.m */ = {isa = PBXFileReference; lastKnownFileType = sourcecode.c.objc; path = ViewController.m; sourceTree = "<group>"; };
		501D21201B046E37008969C3 /* Base */ = {isa = PBXFileReference; lastKnownFileType = file.storyboard; name = Base; path = Base.lproj/Main.storyboard; sourceTree = "<group>"; };
		501D21221B046E37008969C3 /* Images.xcassets */ = {isa = PBXFileReference; lastKnownFileType = folder.assetcatalog; path = Images.xcassets; sourceTree = "<group>"; };
		501D21251B046E37008969C3 /* Base */ = {isa = PBXFileReference; lastKnownFileType = file.xib; name = Base; path = Base.lproj/LaunchScreen.xib; sourceTree = "<group>"; };
		501D212B1B046E38008969C3 /* 检索Tests.xctest */ = {isa = PBXFileReference; explicitFileType = wrapper.cfbundle; includeInIndex = 0; path = "检索Tests.xctest"; sourceTree = BUILT_PRODUCTS_DIR; };
		501D21301B046E38008969C3 /* Info.plist */ = {isa = PBXFileReference; lastKnownFileType = text.plist.xml; path = Info.plist; sourceTree = "<group>"; };
		501D21311B046E38008969C3 /* __Tests.m */ = {isa = PBXFileReference; lastKnownFileType = sourcecode.c.objc; path = __Tests.m; sourceTree = "<group>"; };
		501D213B1B047846008969C3 /* SearchList.h */ = {isa = PBXFileReference; fileEncoding = 4; lastKnownFileType = sourcecode.c.h; path = SearchList.h; sourceTree = "<group>"; };
		501D213C1B047846008969C3 /* SearchList.m */ = {isa = PBXFileReference; fileEncoding = 4; lastKnownFileType = sourcecode.c.objc; path = SearchList.m; sourceTree = "<group>"; };
/* End PBXFileReference section */

/* Begin PBXFrameworksBuildPhase section */
		501D210F1B046E37008969C3 /* Frameworks */ = {
			isa = PBXFrameworksBuildPhase;
			buildActionMask = 2147483647;
			files = (
			);
			runOnlyForDeploymentPostprocessing = 0;
		};
		501D21281B046E38008969C3 /* Frameworks */ = {
			isa = PBXFrameworksBuildPhase;
			buildActionMask = 2147483647;
			files = (
			);
			runOnlyForDeploymentPostprocessing = 0;
		};
/* End PBXFrameworksBuildPhase section */

/* Begin PBXGroup section */
		501D21091B046E37008969C3 = {
			isa = PBXGroup;
			children = (
				501D21141B046E37008969C3 /* 检索 */,
				501D212E1B046E38008969C3 /* 检索Tests */,
				501D21131B046E37008969C3 /* Products */,
			);
			sourceTree = "<group>";
		};
		501D21131B046E37008969C3 /* Products */ = {
			isa = PBXGroup;
			children = (
				501D21121B046E37008969C3 /* 检索.app */,
				501D212B1B046E38008969C3 /* 检索Tests.xctest */,
			);
			name = Products;
			sourceTree = "<group>";
		};
		501D21141B046E37008969C3 /* 检索 */ = {
			isa = PBXGroup;
			children = (
				501D21191B046E37008969C3 /* AppDelegate.h */,
				501D211A1B046E37008969C3 /* AppDelegate.m */,
				501D211C1B046E37008969C3 /* ViewController.h */,
				501D211D1B046E37008969C3 /* ViewController.m */,
				501D213B1B047846008969C3 /* SearchList.h */,
				501D213C1B047846008969C3 /* SearchList.m */,
				501D211F1B046E37008969C3 /* Main.storyboard */,
				501D21221B046E37008969C3 /* Images.xcassets */,
				501D21241B046E37008969C3 /* LaunchScreen.xib */,
				501D21151B046E37008969C3 /* Supporting Files */,
			);
			path = "检索";
			sourceTree = "<group>";
		};
		501D21151B046E37008969C3 /* Supporting Files */ = {
			isa = PBXGroup;
			children = (
				501D21161B046E37008969C3 /* Info.plist */,
				501D21171B046E37008969C3 /* main.m */,
			);
			name = "Supporting Files";
			sourceTree = "<group>";
		};
		501D212E1B046E38008969C3 /* 检索Tests */ = {
			isa = PBXGroup;
			children = (
				501D21311B046E38008969C3 /* __Tests.m */,
				501D212F1B046E38008969C3 /* Supporting Files */,
			);
			path = "检索Tests";
			sourceTree = "<group>";
		};
		501D212F1B046E38008969C3 /* Supporting Files */ = {
			isa = PBXGroup;
			children = (
				501D21301B046E38008969C3 /* Info.plist */,
			);
			name = "Supporting Files";
			sourceTree = "<group>";
		};
/* End PBXGroup section */

/* Begin PBXNativeTarget section */
		501D21111B046E37008969C3 /* 检索 */ = {
			isa = PBXNativeTarget;
			buildConfigurationList = 501D21351B046E38008969C3 /* Build configuration list for PBXNativeTarget "检索" */;
			buildPhases = (
				501D210E1B046E37008969C3 /* Sources */,
				501D210F1B046E37008969C3 /* Frameworks */,
				501D21101B046E37008969C3 /* Resources */,
			);
			buildRules = (
			);
			dependencies = (
			);
			name = "检索";
			productName = "检索";
			productReference = 501D21121B046E37008969C3 /* 检索.app */;
			productType = "com.apple.product-type.application";
		};
		501D212A1B046E38008969C3 /* 检索Tests */ = {
			isa = PBXNativeTarget;
			buildConfigurationList = 501D21381B046E38008969C3 /* Build configuration list for PBXNativeTarget "检索Tests" */;
			buildPhases = (
				501D21271B046E38008969C3 /* Sources */,
				501D21281B046E38008969C3 /* Frameworks */,
				501D21291B046E38008969C3 /* Resources */,
			);
			buildRules = (
			);
			dependencies = (
				501D212D1B046E38008969C3 /* PBXTargetDependency */,
			);
			name = "检索Tests";
			productName = "检索Tests";
			productReference = 501D212B1B046E38008969C3 /* 检索Tests.xctest */;
			productType = "com.apple.product-type.bundle.unit-test";
		};
/* End PBXNativeTarget section */

/* Begin PBXProject section */
		501D210A1B046E37008969C3 /* Project object */ = {
			isa = PBXProject;
			attributes = {
				LastUpgradeCheck = 0630;
				ORGANIZATIONNAME = Kevin;
				TargetAttributes = {
					501D21111B046E37008969C3 = {
						CreatedOnToolsVersion = 6.3.1;
					};
					501D212A1B046E38008969C3 = {
						CreatedOnToolsVersion = 6.3.1;
						TestTargetID = 501D21111B046E37008969C3;
					};
				};
			};
			buildConfigurationList = 501D210D1B046E37008969C3 /* Build configuration list for PBXProject "检索" */;
			compatibilityVersion = "Xcode 3.2";
			developmentRegion = English;
			hasScannedForEncodings = 0;
			knownRegions = (
				en,
				Base,
			);
			mainGroup = 501D21091B046E37008969C3;
			productRefGroup = 501D21131B046E37008969C3 /* Products */;
			projectDirPath = "";
			projectRoot = "";
			targets = (
				501D21111B046E37008969C3 /* 检索 */,
				501D212A1B046E38008969C3 /* 检索Tests */,
			);
		};
/* End PBXProject section */

/* Begin PBXResourcesBuildPhase section */
		501D21101B046E37008969C3 /* Resources */ = {
			isa = PBXResourcesBuildPhase;
			buildActionMask = 2147483647;
			files = (
				501D21211B046E37008969C3 /* Main.storyboard in Resources */,
				501D21261B046E37008969C3 /* LaunchScreen.xib in Resources */,
				501D21231B046E37008969C3 /* Images.xcassets in Resources */,
			);
			runOnlyForDeploymentPostprocessing = 0;
		};
		501D21291B046E38008969C3 /* Resources */ = {
			isa = PBXResourcesBuildPhase;
			buildActionMask = 2147483647;
			files = (
			);
			runOnlyForDeploymentPostprocessing = 0;
		};
/* End PBXResourcesBuildPhase section */

/* Begin PBXSourcesBuildPhase section */
		501D210E1B046E37008969C3 /* Sources */ = {
			isa = PBXSourcesBuildPhase;
			buildActionMask = 2147483647;
			files = (
				501D211E1B046E37008969C3 /* ViewController.m in Sources */,
				501D213D1B047846008969C3 /* SearchList.m in Sources */,
				501D211B1B046E37008969C3 /* AppDelegate.m in Sources */,
				501D21181B046E37008969C3 /* main.m in Sources */,
			);
			runOnlyForDeploymentPostprocessing = 0;
		};
		501D21271B046E38008969C3 /* Sources */ = {
			isa = PBXSourcesBuildPhase;
			buildActionMask = 2147483647;
			files = (
				501D21321B046E38008969C3 /* __Tests.m in Sources */,
			);
			runOnlyForDeploymentPostprocessing = 0;
		};
/* End PBXSourcesBuildPhase section */

/* Begin PBXTargetDependency section */
		501D212D1B046E38008969C3 /* PBXTargetDependency */ = {
			isa = PBXTargetDependency;
			target = 501D21111B046E37008969C3 /* 检索 */;
			targetProxy = 501D212C1B046E38008969C3 /* PBXContainerItemProxy */;
		};
/* End PBXTargetDependency section */

/* Begin PBXVariantGroup section */
		501D211F1B046E37008969C3 /* Main.storyboard */ = {
			isa = PBXVariantGroup;
			children = (
				501D21201B046E37008969C3 /* Base */,
			);
			name = Main.storyboard;
			sourceTree = "<group>";
		};
		501D21241B046E37008969C3 /* LaunchScreen.xib */ = {
			isa = PBXVariantGroup;
			children = (
				501D21251B046E37008969C3 /* Base */,
			);
			name = LaunchScreen.xib;
			sourceTree = "<group>";
		};
/* End PBXVariantGroup section */

/* Begin XCBuildConfiguration section */
		501D21331B046E38008969C3 /* Debug */ = {
			isa = XCBuildConfiguration;
			buildSettings = {
				ALWAYS_SEARCH_USER_PATHS = NO;
				CLANG_CXX_LANGUAGE_STANDARD = "gnu++0x";
				CLANG_CXX_LIBRARY = "libc++";
				CLANG_ENABLE_MODULES = YES;
				CLANG_ENABLE_OBJC_ARC = YES;
				CLANG_WARN_BOOL_CONVERSION = YES;
				CLANG_WARN_CONSTANT_CONVERSION = YES;
				CLANG_WARN_DIRECT_OBJC_ISA_USAGE = YES_ERROR;
				CLANG_WARN_EMPTY_BODY = YES;
				CLANG_WARN_ENUM_CONVERSION = YES;
				CLANG_WARN_INT_CONVERSION = YES;
				CLANG_WARN_OBJC_ROOT_CLASS = YES_ERROR;
				CLANG_WARN_UNREACHABLE_CODE = YES;
				CLANG_WARN__DUPLICATE_METHOD_MATCH = YES;
				"CODE_SIGN_IDENTITY[sdk=iphoneos*]" = "iPhone Developer";
				COPY_PHASE_STRIP = NO;
				DEBUG_INFORMATION_FORMAT = "dwarf-with-dsym";
				ENABLE_STRICT_OBJC_MSGSEND = YES;
				GCC_C_LANGUAGE_STANDARD = gnu99;
				GCC_DYNAMIC_NO_PIC = NO;
				GCC_NO_COMMON_BLOCKS = YES;
				GCC_OPTIMIZATION_LEVEL = 0;
				GCC_PREPROCESSOR_DEFINITIONS = (
					"DEBUG=1",
					"$(inherited)",
				);
				GCC_SYMBOLS_PRIVATE_EXTERN = NO;
				GCC_WARN_64_TO_32_BIT_CONVERSION = YES;
				GCC_WARN_ABOUT_RETURN_TYPE = YES_ERROR;
				GCC_WARN_UNDECLARED_SELECTOR = YES;
				GCC_WARN_UNINITIALIZED_AUTOS = YES_AGGRESSIVE;
				GCC_WARN_UNUSED_FUNCTION = YES;
				GCC_WARN_UNUSED_VARIABLE = YES;
				IPHONEOS_DEPLOYMENT_TARGET = 8.3;
				MTL_ENABLE_DEBUG_INFO = YES;
				ONLY_ACTIVE_ARCH = YES;
				SDKROOT = iphoneos;
			};
			name = Debug;
		};
		501D21341B046E38008969C3 /* Release */ = {
			isa = XCBuildConfiguration;
			buildSettings = {
				ALWAYS_SEARCH_USER_PATHS = NO;
				CLANG_CXX_LANGUAGE_STANDARD = "gnu++0x";
				CLANG_CXX_LIBRARY = "libc++";
				CLANG_ENABLE_MODULES = YES;
				CLANG_ENABLE_OBJC_ARC = YES;
				CLANG_WARN_BOOL_CONVERSION = YES;
				CLANG_WARN_CONSTANT_CONVERSION = YES;
				CLANG_WARN_DIRECT_OBJC_ISA_USAGE = YES_ERROR;
				CLANG_WARN_EMPTY_BODY = YES;
				CLANG_WARN_ENUM_CONVERSION = YES;
				CLANG_WARN_INT_CONVERSION = YES;
				CLANG_WARN_OBJC_ROOT_CLASS = YES_ERROR;
				CLANG_WARN_UNREACHABLE_CODE = YES;
				CLANG_WARN__DUPLICATE_METHOD_MATCH = YES;
				"CODE_SIGN_IDENTITY[sdk=iphoneos*]" = "iPhone Developer";
				COPY_PHASE_STRIP = NO;
				DEBUG_INFORMATION_FORMAT = "dwarf-with-dsym";
				ENABLE_NS_ASSERTIONS = NO;
				ENABLE_STRICT_OBJC_MSGSEND = YES;
				GCC_C_LANGUAGE_STANDARD = gnu99;
				GCC_NO_COMMON_BLOCKS = YES;
				GCC_WARN_64_TO_32_BIT_CONVERSION = YES;
				GCC_WARN_ABOUT_RETURN_TYPE = YES_ERROR;
				GCC_WARN_UNDECLARED_SELECTOR = YES;
				GCC_WARN_UNINITIALIZED_AUTOS = YES_AGGRESSIVE;
				GCC_WARN_UNUSED_FUNCTION = YES;
				GCC_WARN_UNUSED_VARIABLE = YES;
				IPHONEOS_DEPLOYMENT_TARGET = 8.3;
				MTL_ENABLE_DEBUG_INFO = NO;
				SDKROOT = iphoneos;
				VALIDATE_PRODUCT = YES;
			};
			name = Release;
		};
		501D21361B046E38008969C3 /* Debug */ = {
			isa = XCBuildConfiguration;
			buildSettings = {
				ASSETCATALOG_COMPILER_APPICON_NAME = AppIcon;
				INFOPLIST_FILE = "检索/Info.plist";
				LD_RUNPATH_SEARCH_PATHS = "$(inherited) @executable_path/Frameworks";
				PRODUCT_NAME = "$(TARGET_NAME)";
			};
			name = Debug;
		};
		501D21371B046E38008969C3 /* Release */ = {
			isa = XCBuildConfiguration;
			buildSettings = {
				ASSETCATALOG_COMPILER_APPICON_NAME = AppIcon;
				INFOPLIST_FILE = "检索/Info.plist";
				LD_RUNPATH_SEARCH_PATHS = "$(inherited) @executable_path/Frameworks";
				PRODUCT_NAME = "$(TARGET_NAME)";
			};
			name = Release;
		};
		501D21391B046E38008969C3 /* Debug */ = {
			isa = XCBuildConfiguration;
			buildSettings = {
				BUNDLE_LOADER = "$(TEST_HOST)";
				FRAMEWORK_SEARCH_PATHS = (
					"$(SDKROOT)/Developer/Library/Frameworks",
					"$(inherited)",
				);
				GCC_PREPROCESSOR_DEFINITIONS = (
					"DEBUG=1",
					"$(inherited)",
				);
				INFOPLIST_FILE = "检索Tests/Info.plist";
				LD_RUNPATH_SEARCH_PATHS = "$(inherited) @executable_path/Frameworks @loader_path/Frameworks";
				PRODUCT_NAME = "$(TARGET_NAME)";
				TEST_HOST = "$(BUILT_PRODUCTS_DIR)/检索.app/检索";
			};
			name = Debug;
		};
		501D213A1B046E38008969C3 /* Release */ = {
			isa = XCBuildConfiguration;
			buildSettings = {
				BUNDLE_LOADER = "$(TEST_HOST)";
				FRAMEWORK_SEARCH_PATHS = (
					"$(SDKROOT)/Developer/Library/Frameworks",
					"$(inherited)",
				);
				INFOPLIST_FILE = "检索Tests/Info.plist";
				LD_RUNPATH_SEARCH_PATHS = "$(inherited) @executable_path/Frameworks @loader_path/Frameworks";
				PRODUCT_NAME = "$(TARGET_NAME)";
				TEST_HOST = "$(BUILT_PRODUCTS_DIR)/检索.app/检索";
			};
			name = Release;
		};
/* End XCBuildConfiguration section */

/* Begin XCConfigurationList section */
		501D210D1B046E37008969C3 /* Build configuration list for PBXProject "检索" */ = {
			isa = XCConfigurationList;
			buildConfigurations = (
				501D21331B046E38008969C3 /* Debug */,
				501D21341B046E38008969C3 /* Release */,
			);
			defaultConfigurationIsVisible = 0;
			defaultConfigurationName = Release;
		};
		501D21351B046E38008969C3 /* Build configuration list for PBXNativeTarget "检索" */ = {
			isa = XCConfigurationList;
			buildConfigurations = (
				501D21361B046E38008969C3 /* Debug */,
				501D21371B046E38008969C3 /* Release */,
			);
			defaultConfigurationIsVisible = 0;
		};
		501D21381B046E38008969C3 /* Build configuration list for PBXNativeTarget "检索Tests" */ = {
			isa = XCConfigurationList;
			buildConfigurations = (
				501D21391B046E38008969C3 /* Debug */,
				501D213A1B046E38008969C3 /* Release */,
			);
			defaultConfigurationIsVisible = 0;
		};
/* End XCConfigurationList section */
	};
	rootObject = 501D210A1B046E37008969C3 /* Project object */;
}
